// !$*UTF8*$!
{
	archiveVersion = 1;
	classes = {
	};
	objectVersion = 46;
	objects = {

/* Begin PBXBuildFile section */
		D2819A7D1E2DF79B00F4C8F0 /* main.m in Sources */ = {isa = PBXBuildFile; fileRef = D2819A7C1E2DF79B00F4C8F0 /* main.m */; };
		D2819A801E2DF79B00F4C8F0 /* AppDelegate.m in Sources */ = {isa = PBXBuildFile; fileRef = D2819A7F1E2DF79B00F4C8F0 /* AppDelegate.m */; };
		D2819A831E2DF79B00F4C8F0 /* ViewController.m in Sources */ = {isa = PBXBuildFile; fileRef = D2819A821E2DF79B00F4C8F0 /* ViewController.m */; };
		D2819A881E2DF79B00F4C8F0 /* Assets.xcassets in Resources */ = {isa = PBXBuildFile; fileRef = D2819A871E2DF79B00F4C8F0 /* Assets.xcassets */; };
		D2819A8B1E2DF79B00F4C8F0 /* LaunchScreen.storyboard in Resources */ = {isa = PBXBuildFile; fileRef = D2819A891E2DF79B00F4C8F0 /* LaunchScreen.storyboard */; };
/* End PBXBuildFile section */

/* Begin PBXFileReference section */
		D2819A781E2DF79B00F4C8F0 /* RandDraw.app */ = {isa = PBXFileReference; explicitFileType = wrapper.application; includeInIndex = 0; path = RandDraw.app; sourceTree = BUILT_PRODUCTS_DIR; };
		D2819A7C1E2DF79B00F4C8F0 /* main.m */ = {isa = PBXFileReference; lastKnownFileType = sourcecode.c.objc; path = main.m; sourceTree = "<group>"; };
		D2819A7E1E2DF79B00F4C8F0 /* AppDelegate.h */ = {isa = PBXFileReference; lastKnownFileType = sourcecode.c.h; path = AppDelegate.h; sourceTree = "<group>"; };
		D2819A7F1E2DF79B00F4C8F0 /* AppDelegate.m */ = {isa = PBXFileReference; lastKnownFileType = sourcecode.c.objc; path = AppDelegate.m; sourceTree = "<group>"; };
		D2819A811E2DF79B00F4C8F0 /* ViewController.h */ = {isa = PBXFileReference; lastKnownFileType = sourcecode.c.h; path = ViewController.h; sourceTree = "<group>"; };
		D2819A821E2DF79B00F4C8F0 /* ViewController.m */ = {isa = PBXFileReference; lastKnownFileType = sourcecode.c.objc; path = ViewController.m; sourceTree = "<group>"; };
		D2819A871E2DF79B00F4C8F0 /* Assets.xcassets */ = {isa = PBXFileReference; lastKnownFileType = folder.assetcatalog; path = Assets.xcassets; sourceTree = "<group>"; };
		D2819A8A1E2DF79B00F4C8F0 /* Base */ = {isa = PBXFileReference; lastKnownFileType = file.storyboard; name = Base; path = Base.lproj/LaunchScreen.storyboard; sourceTree = "<group>"; };
		D2819A8C1E2DF79B00F4C8F0 /* Info.plist */ = {isa = PBXFileReference; lastKnownFileType = text.plist.xml; path = Info.plist; sourceTree = "<group>"; };
/* End PBXFileReference section */

/* Begin PBXFrameworksBuildPhase section */
		D2819A751E2DF79B00F4C8F0 /* Frameworks */ = {
			isa = PBXFrameworksBuildPhase;
			buildActionMask = 2147483647;
			files = (
			);
			runOnlyForDeploymentPostprocessing = 0;
		};
/* End PBXFrameworksBuildPhase section */

/* Begin PBXGroup section */
		D2819A6F1E2DF79B00F4C8F0 = {
			isa = PBXGroup;
			children = (
				D2819A7A1E2DF79B00F4C8F0 /* RandDraw */,
				D2819A791E2DF79B00F4C8F0 /* Products */,
			);
			sourceTree = "<group>";
		};
		D2819A791E2DF79B00F4C8F0 /* Products */ = {
			isa = PBXGroup;
			children = (
				D2819A781E2DF79B00F4C8F0 /* RandDraw.app */,
			);
			name = Products;
			sourceTree = "<group>";
		};
		D2819A7A1E2DF79B00F4C8F0 /* RandDraw */ = {
			isa = PBXGroup;
			children = (
				D2819A7E1E2DF79B00F4C8F0 /* AppDelegate.h */,
				D2819A7F1E2DF79B00F4C8F0 /* AppDelegate.m */,
				D2819A811E2DF79B00F4C8F0 /* ViewController.h */,
				D2819A821E2DF79B00F4C8F0 /* ViewController.m */,
				D2819A871E2DF79B00F4C8F0 /* Assets.xcassets */,
				D2819A891E2DF79B00F4C8F0 /* LaunchScreen.storyboard */,
				D2819A8C1E2DF79B00F4C8F0 /* Info.plist */,
				D2819A7B1E2DF79B00F4C8F0 /* Supporting Files */,
			);
			path = RandDraw;
			sourceTree = "<group>";
		};
		D2819A7B1E2DF79B00F4C8F0 /* Supporting Files */ = {
			isa = PBXGroup;
			children = (
				D2819A7C1E2DF79B00F4C8F0 /* main.m */,
			);
			name = "Supporting Files";
			sourceTree = "<group>";
		};
/* End PBXGroup section */

/* Begin PBXNativeTarget section */
		D2819A771E2DF79B00F4C8F0 /* RandDraw */ = {
			isa = PBXNativeTarget;
			buildConfigurationList = D2819A8F1E2DF79B00F4C8F0 /* Build configuration list for PBXNativeTarget "RandDraw" */;
			buildPhases = (
				D2819A741E2DF79B00F4C8F0 /* Sources */,
				D2819A751E2DF79B00F4C8F0 /* Frameworks */,
				D2819A761E2DF79B00F4C8F0 /* Resources */,
			);
			buildRules = (
			);
			dependencies = (
			);
			name = RandDraw;
			productName = RandDraw;
			productReference = D2819A781E2DF79B00F4C8F0 /* RandDraw.app */;
			productType = "com.apple.product-type.application";
		};
/* End PBXNativeTarget section */

/* Begin PBXProject section */
		D2819A701E2DF79B00F4C8F0 /* Project object */ = {
			isa = PBXProject;
			attributes = {
				LastUpgradeCheck = 0820;
				ORGANIZATIONNAME = "Eric Stobbart";
				TargetAttributes = {
					D2819A771E2DF79B00F4C8F0 = {
						CreatedOnToolsVersion = 8.2.1;
						ProvisioningStyle = Automatic;
					};
				};
			};
			buildConfigurationList = D2819A731E2DF79B00F4C8F0 /* Build configuration list for PBXProject "RandDraw" */;
			compatibilityVersion = "Xcode 3.2";
			developmentRegion = English;
			hasScannedForEncodings = 0;
			knownRegions = (
				en,
				Base,
			);
			mainGroup = D2819A6F1E2DF79B00F4C8F0;
			productRefGroup = D2819A791E2DF79B00F4C8F0 /* Products */;
			projectDirPath = "";
			projectRoot = "";
			targets = (
				D2819A771E2DF79B00F4C8F0 /* RandDraw */,
			);
		};
/* End PBXProject section */

/* Begin PBXResourcesBuildPhase section */
		D2819A761E2DF79B00F4C8F0 /* Resources */ = {
			isa = PBXResourcesBuildPhase;
			buildActionMask = 2147483647;
			files = (
				D2819A8B1E2DF79B00F4C8F0 /* LaunchScreen.storyboard in Resources */,
				D2819A881E2DF79B00F4C8F0 /* Assets.xcassets in Resources */,
			);
			runOnlyForDeploymentPostprocessing = 0;
		};
/* End PBXResourcesBuildPhase section */

/* Begin PBXSourcesBuildPhase section */
		D2819A741E2DF79B00F4C8F0 /* Sources */ = {
			isa = PBXSourcesBuildPhase;
			buildActionMask = 2147483647;
			files = (
				D2819A831E2DF79B00F4C8F0 /* ViewController.m in Sources */,
				D2819A801E2DF79B00F4C8F0 /* AppDelegate.m in Sources */,
				D2819A7D1E2DF79B00F4C8F0 /* main.m in Sources */,
			);
			runOnlyForDeploymentPostprocessing = 0;
		};
/* End PBXSourcesBuildPhase section */

/* Begin PBXVariantGroup section */
		D2819A891E2DF79B00F4C8F0 /* LaunchScreen.storyboard */ = {
			isa = PBXVariantGroup;
			children = (
				D2819A8A1E2DF79B00F4C8F0 /* Base */,
			);
			name = LaunchScreen.storyboard;
			sourceTree = "<group>";
		};
/* End PBXVariantGroup section */

/* Begin XCBuildConfiguration section */
		D2819A8D1E2DF79B00F4C8F0 /* Debug */ = {
			isa = XCBuildConfiguration;
			buildSettings = {
				ALWAYS_SEARCH_USER_PATHS = NO;
				CLANG_ANALYZER_NONNULL = YES;
				CLANG_CXX_LANGUAGE_STANDARD = "gnu++0x";
				CLANG_CXX_LIBRARY = "libc++";
				CLANG_ENABLE_MODULES = YES;
				CLANG_ENABLE_OBJC_ARC = YES;
				CLANG_WARN_BOOL_CONVERSION = YES;
				CLANG_WARN_CONSTANT_CONVERSION = YES;
				CLANG_WARN_DIRECT_OBJC_ISA_USAGE = YES_ERROR;
				CLANG_WARN_DOCUMENTATION_COMMENTS = YES;
				CLANG_WARN_EMPTY_BODY = YES;
				CLANG_WARN_ENUM_CONVERSION = YES;
				CLANG_WARN_INFINITE_RECURSION = YES;
				CLANG_WARN_INT_CONVERSION = YES;
				CLANG_WARN_OBJC_ROOT_CLASS = YES_ERROR;
				CLANG_WARN_SUSPICIOUS_MOVE = YES;
				CLANG_WARN_UNREACHABLE_CODE = YES;
				CLANG_WARN__DUPLICATE_METHOD_MATCH = YES;
				"CODE_SIGN_IDENTITY[sdk=iphoneos*]" = "iPhone Developer";
				COPY_PHASE_STRIP = NO;
				DEBUG_INFORMATION_FORMAT = dwarf;
				ENABLE_STRICT_OBJC_MSGSEND = YES;
				ENABLE_TESTABILITY = YES;
				GCC_C_LANGUAGE_STANDARD = gnu99;
				GCC_DYNAMIC_NO_PIC = NO;
				GCC_NO_COMMON_BLOCKS = YES;
				GCC_OPTIMIZATION_LEVEL = 0;
				GCC_PREPROCESSOR_DEFINITIONS = (
					"DEBUG=1",
					"$(inherited)",
				);
				GCC_WARN_64_TO_32_BIT_CONVERSION = YES;
				GCC_WARN_ABOUT_RETURN_TYPE = YES_ERROR;
				GCC_WARN_UNDECLARED_SELECTOR = YES;
				GCC_WARN_UNINITIALIZED_AUTOS = YES_AGGRESSIVE;
				GCC_WARN_UNUSED_FUNCTION = YES;
				GCC_WARN_UNUSED_VARIABLE = YES;
				IPHONEOS_DEPLOYMENT_TARGET = 10.2;
				MTL_ENABLE_DEBUG_INFO = YES;
				ONLY_ACTIVE_ARCH = YES;
				SDKROOT = iphoneos;
				TARGETED_DEVICE_FAMILY = "1,2";
			};
			name = Debug;
		};
		D2819A8E1E2DF79B00F4C8F0 /* Release */ = {
			isa = XCBuildConfiguration;
			buildSettings = {
				ALWAYS_SEARCH_USER_PATHS = NO;
				CLANG_ANALYZER_NONNULL = YES;
				CLANG_CXX_LANGUAGE_STANDARD = "gnu++0x";
				CLANG_CXX_LIBRARY = "libc++";
				CLANG_ENABLE_MODULES = YES;
				CLANG_ENABLE_OBJC_ARC = YES;
				CLANG_WARN_BOOL_CONVERSION = YES;
				CLANG_WARN_CONSTANT_CONVERSION = YES;
				CLANG_WARN_DIRECT_OBJC_ISA_USAGE = YES_ERROR;
				CLANG_WARN_DOCUMENTATION_COMMENTS = YES;
				CLANG_WARN_EMPTY_BODY = YES;
				CLANG_WARN_ENUM_CONVERSION = YES;
				CLANG_WARN_INFINITE_RECURSION = YES;
				CLANG_WARN_INT_CONVERSION = YES;
				CLANG_WARN_OBJC_ROOT_CLASS = YES_ERROR;
				CLANG_WARN_SUSPICIOUS_MOVE = YES;
				CLANG_WARN_UNREACHABLE_CODE = YES;
				CLANG_WARN__DUPLICATE_METHOD_MATCH = YES;
				"CODE_SIGN_IDENTITY[sdk=iphoneos*]" = "iPhone Developer";
				COPY_PHASE_STRIP = NO;
				DEBUG_INFORMATION_FORMAT = "dwarf-with-dsym";
				ENABLE_NS_ASSERTIONS = NO;
				ENABLE_STRICT_OBJC_MSGSEND = YES;
				GCC_C_LANGUAGE_STANDARD = gnu99;
				GCC_NO_COMMON_BLOCKS = YES;
				GCC_WARN_64_TO_32_BIT_CONVERSION = YES;
				GCC_WARN_ABOUT_RETURN_TYPE = YES_ERROR;
				GCC_WARN_UNDECLARED_SELECTOR = YES;
				GCC_WARN_UNINITIALIZED_AUTOS = YES_AGGRESSIVE;
				GCC_WARN_UNUSED_FUNCTION = YES;
				GCC_WARN_UNUSED_VARIABLE = YES;
				IPHONEOS_DEPLOYMENT_TARGET = 10.2;
				MTL_ENABLE_DEBUG_INFO = NO;
				SDKROOT = iphoneos;
				TARGETED_DEVICE_FAMILY = "1,2";
				VALIDATE_PRODUCT = YES;
			};
			name = Release;
		};
		D2819A901E2DF79B00F4C8F0 /* Debug */ = {
			isa = XCBuildConfiguration;
			buildSettings = {
				ASSETCATALOG_COMPILER_APPICON_NAME = AppIcon;
				INFOPLIST_FILE = RandDraw/Info.plist;
				LD_RUNPATH_SEARCH_PATHS = "$(inherited) @executable_path/Frameworks";
				PRODUCT_BUNDLE_IDENTIFIER = space.harsh.RandDraw;
				PRODUCT_NAME = "$(TARGET_NAME)";
			};
			name = Debug;
		};
		D2819A911E2DF79B00F4C8F0 /* Release */ = {
			isa = XCBuildConfiguration;
			buildSettings = {
				ASSETCATALOG_COMPILER_APPICON_NAME = AppIcon;
				INFOPLIST_FILE = RandDraw/Info.plist;
				LD_RUNPATH_SEARCH_PATHS = "$(inherited) @executable_path/Frameworks";
				PRODUCT_BUNDLE_IDENTIFIER = space.harsh.RandDraw;
				PRODUCT_NAME = "$(TARGET_NAME)";
			};
			name = Release;
		};
/* End XCBuildConfiguration section */

/* Begin XCConfigurationList section */
		D2819A731E2DF79B00F4C8F0 /* Build configuration list for PBXProject "RandDraw" */ = {
			isa = XCConfigurationList;
			buildConfigurations = (
				D2819A8D1E2DF79B00F4C8F0 /* Debug */,
				D2819A8E1E2DF79B00F4C8F0 /* Release */,
			);
			defaultConfigurationIsVisible = 0;
			defaultConfigurationName = Release;
		};
		D2819A8F1E2DF79B00F4C8F0 /* Build configuration list for PBXNativeTarget "RandDraw" */ = {
			isa = XCConfigurationList;
			buildConfigurations = (
				D2819A901E2DF79B00F4C8F0 /* Debug */,
				D2819A911E2DF79B00F4C8F0 /* Release */,
			);
			defaultConfigurationIsVisible = 0;
		};
/* End XCConfigurationList section */
	};
	rootObject = D2819A701E2DF79B00F4C8F0 /* Project object */;
}
